Microsoft Visual Studio Solution File, Format Version 12.00
# Visual Studio Version 17
VisualStudioVersion = 17.5.2.0
MinimumVisualStudioVersion = 10.0.40219.1
Project("{FAE04EC0-301F-11D3-BF4B-00C04F79EFBC}") = "CCSniff", "CCSniff.csproj", "{FDFE5EB9-2AFB-FC52-3093-94D8DD96614D}"
EndProject
Global
	GlobalSection(SolutionConfigurationPlatforms) = preSolution
		Debug|Any CPU = Debug|Any CPU
		Release|Any CPU = Release|Any CPU
	EndGlobalSection
	GlobalSection(ProjectConfigurationPlatforms) = postSolution
		{FDFE5EB9-2AFB-FC52-3093-94D8DD96614D}.Debug|Any CPU.ActiveCfg = Debug|Any CPU
		{FDFE5EB9-2AFB-FC52-3093-94D8DD96614D}.Debug|Any CPU.Build.0 = Debug|Any CPU
		{FDFE5EB9-2AFB-FC52-3093-94D8DD96614D}.Release|Any CPU.ActiveCfg = Release|Any CPU
		{FDFE5EB9-2AFB-FC52-3093-94D8DD96614D}.Release|Any CPU.Build.0 = Release|Any CPU
	EndGlobalSection
	GlobalSection(SolutionProperties) = preSolution
		HideSolutionNode = FALSE
	EndGlobalSection
	GlobalSection(ExtensibilityGlobals) = postSolution
		SolutionGuid = {7204B2FD-95AF-4CCF-B76B-6D1B29F0A591}
	EndGlobalSection
EndGlobal
